
Microsoft Visual Studio Solution File, Format Version 12.00
# Visual Studio Version 16
VisualStudioVersion = 16.0.29215.179
MinimumVisualStudioVersion = 10.0.40219.1
Project("{2150E333-8FDC-42A3-9474-1A3956D46DE8}") = "000", "000", "{9ABC5D6C-C5F0-45E6-9A94-6882EF61931E}"
EndProject
Project("{2150E333-8FDC-42A3-9474-1A3956D46DE8}") = "001", "001", "{0C666FDD-C196-4036-A8A3-BFAB6774E7CA}"
EndProject
Project("{2150E333-8FDC-42A3-9474-1A3956D46DE8}") = "002", "002", "{BD2A8870-ED72-4AC0-91F6-844C9D1285BD}"
EndProject
Project("{2150E333-8FDC-42A3-9474-1A3956D46DE8}") = "003", "003", "{1BD8E772-FD6F-4A50-B88A-6584A6481C0C}"
EndProject
Project("{2150E333-8FDC-42A3-9474-1A3956D46DE8}") = "004", "004", "{E26C6107-F113-4916-BEE1-6BEB7F09B80F}"
EndProject
Project("{2150E333-8FDC-42A3-9474-1A3956D46DE8}") = "005", "005", "{9191BABA-0BF9-4E75-B3EF-F9A51EAB0B87}"
EndProject
Project("{2150E333-8FDC-42A3-9474-1A3956D46DE8}") = "006", "006", "{63E8452C-7523-403E-96C7-D8046C43CE6B}"
EndProject
Project("{2150E333-8FDC-42A3-9474-1A3956D46DE8}") = "007", "007", "{7FE39A5E-4922-4666-9352-77EB1661AD31}"
EndProject
Project("{2150E333-8FDC-42A3-9474-1A3956D46DE8}") = "008", "008", "{5C917393-99AE-4859-9805-CD149B587532}"
EndProject
Project("{2150E333-8FDC-42A3-9474-1A3956D46DE8}") = "009", "009", "{B925EB8A-F52E-4D0C-85C0-D41C04BB903D}"
EndProject
Project("{2150E333-8FDC-42A3-9474-1A3956D46DE8}") = "010", "010", "{93B9E7CE-3201-4E1A-934A-C303E6AA0998}"
EndProject
Project("{2150E333-8FDC-42A3-9474-1A3956D46DE8}") = "011", "011", "{30686962-E4C2-409C-9456-ACCD6EF03F3B}"
EndProject
Project("{9A19103F-16F7-4668-BE54-9A1E7A4F7556}") = "004_First_Application", "004_First_Application\004_First_Application.csproj", "{AD687542-CA1C-4F5A-A498-FB6767F3CFA0}"
EndProject
Project("{9A19103F-16F7-4668-BE54-9A1E7A4F7556}") = "0041_First_Application", "0041_First_Application\0041_First_Application.csproj", "{89E51AA3-FFE9-4357-99D7-586534BF67A3}"
EndProject
Project("{2150E333-8FDC-42A3-9474-1A3956D46DE8}") = "012", "012", "{16E1B4BD-E966-416D-BD0F-706A97BEB181}"
EndProject
Project("{2150E333-8FDC-42A3-9474-1A3956D46DE8}") = "013", "013", "{01DC10F4-9D6D-48C8-A223-03B53CD5D349}"
EndProject
Project("{2150E333-8FDC-42A3-9474-1A3956D46DE8}") = "014", "014", "{DABA454F-1E0F-4DBE-8A1E-10E3028120CE}"
EndProject
Project("{2150E333-8FDC-42A3-9474-1A3956D46DE8}") = "015", "015", "{688644A8-EE05-44F6-A5D7-07FA6EFE2C94}"
EndProject
Project("{9A19103F-16F7-4668-BE54-9A1E7A4F7556}") = "0042_First_Application", "0042_First_Application\0042_First_Application.csproj", "{4AEFCEAB-ABD6-4180-81C9-E606A7088B53}"
EndProject
Project("{9A19103F-16F7-4668-BE54-9A1E7A4F7556}") = "0050_First_Application", "0050_First_Application\0050_First_Application.csproj", "{5FE6DC3D-02E1-4082-9B31-C617ED29D240}"
EndProject
Project("{9A19103F-16F7-4668-BE54-9A1E7A4F7556}") = "0051_First_Application", "0051_First_Application\0051_First_Application.csproj", "{B3A728DC-2B01-4F84-92A5-C32B3AA079B0}"
EndProject
Project("{9A19103F-16F7-4668-BE54-9A1E7A4F7556}") = "0052_First_Application", "0052_First_Application\0052_First_Application.csproj", "{F6FD151E-E351-4EBE-A368-1BFC302082D7}"
EndProject
Project("{9A19103F-16F7-4668-BE54-9A1E7A4F7556}") = "0053_First_Application", "0053_First_Application\0053_First_Application.csproj", "{9E902ECE-5AFF-42BE-BE4F-E25D8DC79911}"
EndProject
Project("{9A19103F-16F7-4668-BE54-9A1E7A4F7556}") = "0062_First_Application", "0062_First_Application\0062_First_Application.csproj", "{0940152B-944C-4731-AAA3-9E00817773A4}"
EndProject
Project("{9A19103F-16F7-4668-BE54-9A1E7A4F7556}") = "0060_First_Application", "0060_First_Application\0060_First_Application.csproj", "{9491C753-B1F4-4365-B906-9B00A3FD8FD1}"
EndProject
Project("{9A19103F-16F7-4668-BE54-9A1E7A4F7556}") = "0070_First_Application", "0070_First_Application\0070_First_Application.csproj", "{43DAF6F0-6F34-4487-88A5-7D02842185AC}"
EndProject
Global
	GlobalSection(SolutionConfigurationPlatforms) = preSolution
		Debug|Any CPU = Debug|Any CPU
		Release|Any CPU = Release|Any CPU
	EndGlobalSection
	GlobalSection(ProjectConfigurationPlatforms) = postSolution
		{AD687542-CA1C-4F5A-A498-FB6767F3CFA0}.Debug|Any CPU.ActiveCfg = Debug|Any CPU
		{AD687542-CA1C-4F5A-A498-FB6767F3CFA0}.Debug|Any CPU.Build.0 = Debug|Any CPU
		{AD687542-CA1C-4F5A-A498-FB6767F3CFA0}.Release|Any CPU.ActiveCfg = Release|Any CPU
		{AD687542-CA1C-4F5A-A498-FB6767F3CFA0}.Release|Any CPU.Build.0 = Release|Any CPU
		{89E51AA3-FFE9-4357-99D7-586534BF67A3}.Debug|Any CPU.ActiveCfg = Debug|Any CPU
		{89E51AA3-FFE9-4357-99D7-586534BF67A3}.Debug|Any CPU.Build.0 = Debug|Any CPU
		{89E51AA3-FFE9-4357-99D7-586534BF67A3}.Release|Any CPU.ActiveCfg = Release|Any CPU
		{89E51AA3-FFE9-4357-99D7-586534BF67A3}.Release|Any CPU.Build.0 = Release|Any CPU
		{4AEFCEAB-ABD6-4180-81C9-E606A7088B53}.Debug|Any CPU.ActiveCfg = Debug|Any CPU
		{4AEFCEAB-ABD6-4180-81C9-E606A7088B53}.Debug|Any CPU.Build.0 = Debug|Any CPU
		{4AEFCEAB-ABD6-4180-81C9-E606A7088B53}.Release|Any CPU.ActiveCfg = Release|Any CPU
		{4AEFCEAB-ABD6-4180-81C9-E606A7088B53}.Release|Any CPU.Build.0 = Release|Any CPU
		{5FE6DC3D-02E1-4082-9B31-C617ED29D240}.Debug|Any CPU.ActiveCfg = Debug|Any CPU
		{5FE6DC3D-02E1-4082-9B31-C617ED29D240}.Debug|Any CPU.Build.0 = Debug|Any CPU
		{5FE6DC3D-02E1-4082-9B31-C617ED29D240}.Release|Any CPU.ActiveCfg = Release|Any CPU
		{5FE6DC3D-02E1-4082-9B31-C617ED29D240}.Release|Any CPU.Build.0 = Release|Any CPU
		{B3A728DC-2B01-4F84-92A5-C32B3AA079B0}.Debug|Any CPU.ActiveCfg = Debug|Any CPU
		{B3A728DC-2B01-4F84-92A5-C32B3AA079B0}.Debug|Any CPU.Build.0 = Debug|Any CPU
		{B3A728DC-2B01-4F84-92A5-C32B3AA079B0}.Release|Any CPU.ActiveCfg = Release|Any CPU
		{B3A728DC-2B01-4F84-92A5-C32B3AA079B0}.Release|Any CPU.Build.0 = Release|Any CPU
		{F6FD151E-E351-4EBE-A368-1BFC302082D7}.Debug|Any CPU.ActiveCfg = Debug|Any CPU
		{F6FD151E-E351-4EBE-A368-1BFC302082D7}.Debug|Any CPU.Build.0 = Debug|Any CPU
		{F6FD151E-E351-4EBE-A368-1BFC302082D7}.Release|Any CPU.ActiveCfg = Release|Any CPU
		{F6FD151E-E351-4EBE-A368-1BFC302082D7}.Release|Any CPU.Build.0 = Release|Any CPU
		{9E902ECE-5AFF-42BE-BE4F-E25D8DC79911}.Debug|Any CPU.ActiveCfg = Debug|Any CPU
		{9E902ECE-5AFF-42BE-BE4F-E25D8DC79911}.Debug|Any CPU.Build.0 = Debug|Any CPU
		{9E902ECE-5AFF-42BE-BE4F-E25D8DC79911}.Release|Any CPU.ActiveCfg = Release|Any CPU
		{9E902ECE-5AFF-42BE-BE4F-E25D8DC79911}.Release|Any CPU.Build.0 = Release|Any CPU
		{0940152B-944C-4731-AAA3-9E00817773A4}.Debug|Any CPU.ActiveCfg = Debug|Any CPU
		{0940152B-944C-4731-AAA3-9E00817773A4}.Debug|Any CPU.Build.0 = Debug|Any CPU
		{0940152B-944C-4731-AAA3-9E00817773A4}.Release|Any CPU.ActiveCfg = Release|Any CPU
		{0940152B-944C-4731-AAA3-9E00817773A4}.Release|Any CPU.Build.0 = Release|Any CPU
		{9491C753-B1F4-4365-B906-9B00A3FD8FD1}.Debug|Any CPU.ActiveCfg = Debug|Any CPU
		{9491C753-B1F4-4365-B906-9B00A3FD8FD1}.Debug|Any CPU.Build.0 = Debug|Any CPU
		{9491C753-B1F4-4365-B906-9B00A3FD8FD1}.Release|Any CPU.ActiveCfg = Release|Any CPU
		{9491C753-B1F4-4365-B906-9B00A3FD8FD1}.Release|Any CPU.Build.0 = Release|Any CPU
		{43DAF6F0-6F34-4487-88A5-7D02842185AC}.Debug|Any CPU.ActiveCfg = Debug|Any CPU
		{43DAF6F0-6F34-4487-88A5-7D02842185AC}.Debug|Any CPU.Build.0 = Debug|Any CPU
		{43DAF6F0-6F34-4487-88A5-7D02842185AC}.Release|Any CPU.ActiveCfg = Release|Any CPU
		{43DAF6F0-6F34-4487-88A5-7D02842185AC}.Release|Any CPU.Build.0 = Release|Any CPU
	EndGlobalSection
	GlobalSection(SolutionProperties) = preSolution
		HideSolutionNode = FALSE
	EndGlobalSection
	GlobalSection(NestedProjects) = preSolution
		{AD687542-CA1C-4F5A-A498-FB6767F3CFA0} = {E26C6107-F113-4916-BEE1-6BEB7F09B80F}
		{89E51AA3-FFE9-4357-99D7-586534BF67A3} = {E26C6107-F113-4916-BEE1-6BEB7F09B80F}
		{4AEFCEAB-ABD6-4180-81C9-E606A7088B53} = {E26C6107-F113-4916-BEE1-6BEB7F09B80F}
		{5FE6DC3D-02E1-4082-9B31-C617ED29D240} = {9191BABA-0BF9-4E75-B3EF-F9A51EAB0B87}
		{B3A728DC-2B01-4F84-92A5-C32B3AA079B0} = {9191BABA-0BF9-4E75-B3EF-F9A51EAB0B87}
		{F6FD151E-E351-4EBE-A368-1BFC302082D7} = {9191BABA-0BF9-4E75-B3EF-F9A51EAB0B87}
		{9E902ECE-5AFF-42BE-BE4F-E25D8DC79911} = {9191BABA-0BF9-4E75-B3EF-F9A51EAB0B87}
		{0940152B-944C-4731-AAA3-9E00817773A4} = {63E8452C-7523-403E-96C7-D8046C43CE6B}
		{9491C753-B1F4-4365-B906-9B00A3FD8FD1} = {63E8452C-7523-403E-96C7-D8046C43CE6B}
		{43DAF6F0-6F34-4487-88A5-7D02842185AC} = {7FE39A5E-4922-4666-9352-77EB1661AD31}
	EndGlobalSection
	GlobalSection(ExtensibilityGlobals) = postSolution
		SolutionGuid = {304306B2-C6CF-497E-906F-0B719D5890EF}
	EndGlobalSection
EndGlobal
