
Microsoft Visual Studio Solution File, Format Version 12.00
# Visual Studio Version 16
VisualStudioVersion = 16.0.29215.179
MinimumVisualStudioVersion = 10.0.40219.1
Project("{2150E333-8FDC-42A3-9474-1A3956D46DE8}") = "004", "004", "{E26C6107-F113-4916-BEE1-6BEB7F09B80F}"
EndProject
Project("{2150E333-8FDC-42A3-9474-1A3956D46DE8}") = "005", "005", "{9191BABA-0BF9-4E75-B3EF-F9A51EAB0B87}"
EndProject
Project("{2150E333-8FDC-42A3-9474-1A3956D46DE8}") = "006", "006", "{63E8452C-7523-403E-96C7-D8046C43CE6B}"
EndProject
Project("{2150E333-8FDC-42A3-9474-1A3956D46DE8}") = "007", "007", "{7FE39A5E-4922-4666-9352-77EB1661AD31}"
EndProject
Project("{2150E333-8FDC-42A3-9474-1A3956D46DE8}") = "008", "008", "{5C917393-99AE-4859-9805-CD149B587532}"
EndProject
Project("{2150E333-8FDC-42A3-9474-1A3956D46DE8}") = "009", "009", "{B925EB8A-F52E-4D0C-85C0-D41C04BB903D}"
EndProject
Project("{2150E333-8FDC-42A3-9474-1A3956D46DE8}") = "010", "010", "{93B9E7CE-3201-4E1A-934A-C303E6AA0998}"
EndProject
Project("{2150E333-8FDC-42A3-9474-1A3956D46DE8}") = "011", "011", "{30686962-E4C2-409C-9456-ACCD6EF03F3B}"
EndProject
Project("{9A19103F-16F7-4668-BE54-9A1E7A4F7556}") = "004_First_Application", "004_First_Application\004_First_Application.csproj", "{AD687542-CA1C-4F5A-A498-FB6767F3CFA0}"
EndProject
Project("{9A19103F-16F7-4668-BE54-9A1E7A4F7556}") = "0041_First_Application", "0041_First_Application\0041_First_Application.csproj", "{89E51AA3-FFE9-4357-99D7-586534BF67A3}"
EndProject
Project("{2150E333-8FDC-42A3-9474-1A3956D46DE8}") = "012", "012", "{16E1B4BD-E966-416D-BD0F-706A97BEB181}"
EndProject
Project("{2150E333-8FDC-42A3-9474-1A3956D46DE8}") = "013", "013", "{01DC10F4-9D6D-48C8-A223-03B53CD5D349}"
EndProject
Project("{2150E333-8FDC-42A3-9474-1A3956D46DE8}") = "014", "014", "{DABA454F-1E0F-4DBE-8A1E-10E3028120CE}"
EndProject
Project("{2150E333-8FDC-42A3-9474-1A3956D46DE8}") = "015", "015", "{688644A8-EE05-44F6-A5D7-07FA6EFE2C94}"
EndProject
Project("{9A19103F-16F7-4668-BE54-9A1E7A4F7556}") = "0042_First_Application", "0042_First_Application\0042_First_Application.csproj", "{4AEFCEAB-ABD6-4180-81C9-E606A7088B53}"
EndProject
Project("{9A19103F-16F7-4668-BE54-9A1E7A4F7556}") = "0050_First_Application", "0050_First_Application\0050_First_Application.csproj", "{5FE6DC3D-02E1-4082-9B31-C617ED29D240}"
EndProject
Project("{9A19103F-16F7-4668-BE54-9A1E7A4F7556}") = "0051_First_Application", "0051_First_Application\0051_First_Application.csproj", "{B3A728DC-2B01-4F84-92A5-C32B3AA079B0}"
EndProject
Project("{9A19103F-16F7-4668-BE54-9A1E7A4F7556}") = "0052_First_Application", "0052_First_Application\0052_First_Application.csproj", "{F6FD151E-E351-4EBE-A368-1BFC302082D7}"
EndProject
Project("{9A19103F-16F7-4668-BE54-9A1E7A4F7556}") = "0053_First_Application", "0053_First_Application\0053_First_Application.csproj", "{9E902ECE-5AFF-42BE-BE4F-E25D8DC79911}"
EndProject
Project("{9A19103F-16F7-4668-BE54-9A1E7A4F7556}") = "0062_First_Application", "0062_First_Application\0062_First_Application.csproj", "{0940152B-944C-4731-AAA3-9E00817773A4}"
EndProject
Project("{9A19103F-16F7-4668-BE54-9A1E7A4F7556}") = "0060_First_Application", "0060_First_Application\0060_First_Application.csproj", "{9491C753-B1F4-4365-B906-9B00A3FD8FD1}"
EndProject
Project("{9A19103F-16F7-4668-BE54-9A1E7A4F7556}") = "0070_First_Application", "0070_First_Application\0070_First_Application.csproj", "{43DAF6F0-6F34-4487-88A5-7D02842185AC}"
EndProject
Project("{9A19103F-16F7-4668-BE54-9A1E7A4F7556}") = "0071_First_Application", "0071_First_Application\0071_First_Application.csproj", "{ADD69BF7-F242-45B5-A430-37CA5EEEF8EC}"
EndProject
Project("{9A19103F-16F7-4668-BE54-9A1E7A4F7556}") = "0072_First_Application", "0072_First_Application\0072_First_Application.csproj", "{38C80B0A-A047-4080-883B-D011F608E837}"
EndProject
Project("{9A19103F-16F7-4668-BE54-9A1E7A4F7556}") = "0063_First_Application", "0063_First_Application\0063_First_Application.csproj", "{5BA0BDCC-4011-413C-834A-4C95DC35998C}"
EndProject
Project("{9A19103F-16F7-4668-BE54-9A1E7A4F7556}") = "0100_First_Application", "0100_First_Application\0100_First_Application.csproj", "{D777E6ED-C80C-4587-9C08-956142C12338}"
EndProject
Project("{9A19103F-16F7-4668-BE54-9A1E7A4F7556}") = "0101_First_Application", "0101_First_Application\0101_First_Application.csproj", "{C7610311-AB87-427D-AE38-74A38A0037EE}"
EndProject
Project("{9A19103F-16F7-4668-BE54-9A1E7A4F7556}") = "0102_First_Application", "0102_First_Application\0102_First_Application.csproj", "{4273D314-D3DB-46DF-A83F-7EBE32C3549A}"
EndProject
Project("{2150E333-8FDC-42A3-9474-1A3956D46DE8}") = "Identity", "Identity", "{10C4993E-D4FC-4225-A976-499AD7EF94B0}"
EndProject
Project("{2150E333-8FDC-42A3-9474-1A3956D46DE8}") = "cors", "cors", "{34ACE20C-54A0-4009-B747-7732DDAF43A4}"
	ProjectSection(SolutionItems) = preProject
		0103_index.html = 0103_index.html
	EndProjectSection
EndProject
Project("{9A19103F-16F7-4668-BE54-9A1E7A4F7556}") = "0103_First_Application", "0103_First_Application\0103_First_Application.csproj", "{0A52F329-7F98-4DE5-919F-8783925E3251}"
EndProject
Project("{9A19103F-16F7-4668-BE54-9A1E7A4F7556}") = "0104_First_Application", "0104_First_Application\0104_First_Application.csproj", "{58BDA88A-6453-4BEF-85D5-6C0287D483C5}"
EndProject
Project("{9A19103F-16F7-4668-BE54-9A1E7A4F7556}") = "0080_First_Application", "0080_First_Application\0080_First_Application.csproj", "{D1B6788A-8A02-4677-A073-F7D10952277A}"
EndProject
Project("{9A19103F-16F7-4668-BE54-9A1E7A4F7556}") = "0081_First_Application", "0081_First_Application\0081_First_Application.csproj", "{31082DDC-AD9E-450B-A21D-93F233512BFB}"
EndProject
Project("{9A19103F-16F7-4668-BE54-9A1E7A4F7556}") = "0110_First_Application", "0110_First_Application\0110_First_Application.csproj", "{58742D18-9B45-4A7A-A7E9-AECDE261BEDD}"
EndProject
Project("{9A19103F-16F7-4668-BE54-9A1E7A4F7556}") = "0111_First_Application", "0111_First_Application\0111_First_Application.csproj", "{7C71D866-73FD-49B9-B67E-26DED9CF16EE}"
EndProject
Project("{9A19103F-16F7-4668-BE54-9A1E7A4F7556}") = "0073_First_Application", "0073_First_Application\0073_First_Application.csproj", "{C8F20E49-553C-409F-87DD-F49201C441D3}"
EndProject
Global
	GlobalSection(SolutionConfigurationPlatforms) = preSolution
		Debug|Any CPU = Debug|Any CPU
		Release|Any CPU = Release|Any CPU
	EndGlobalSection
	GlobalSection(ProjectConfigurationPlatforms) = postSolution
		{AD687542-CA1C-4F5A-A498-FB6767F3CFA0}.Debug|Any CPU.ActiveCfg = Debug|Any CPU
		{AD687542-CA1C-4F5A-A498-FB6767F3CFA0}.Debug|Any CPU.Build.0 = Debug|Any CPU
		{AD687542-CA1C-4F5A-A498-FB6767F3CFA0}.Release|Any CPU.ActiveCfg = Release|Any CPU
		{AD687542-CA1C-4F5A-A498-FB6767F3CFA0}.Release|Any CPU.Build.0 = Release|Any CPU
		{89E51AA3-FFE9-4357-99D7-586534BF67A3}.Debug|Any CPU.ActiveCfg = Debug|Any CPU
		{89E51AA3-FFE9-4357-99D7-586534BF67A3}.Debug|Any CPU.Build.0 = Debug|Any CPU
		{89E51AA3-FFE9-4357-99D7-586534BF67A3}.Release|Any CPU.ActiveCfg = Release|Any CPU
		{89E51AA3-FFE9-4357-99D7-586534BF67A3}.Release|Any CPU.Build.0 = Release|Any CPU
		{4AEFCEAB-ABD6-4180-81C9-E606A7088B53}.Debug|Any CPU.ActiveCfg = Debug|Any CPU
		{4AEFCEAB-ABD6-4180-81C9-E606A7088B53}.Debug|Any CPU.Build.0 = Debug|Any CPU
		{4AEFCEAB-ABD6-4180-81C9-E606A7088B53}.Release|Any CPU.ActiveCfg = Release|Any CPU
		{4AEFCEAB-ABD6-4180-81C9-E606A7088B53}.Release|Any CPU.Build.0 = Release|Any CPU
		{5FE6DC3D-02E1-4082-9B31-C617ED29D240}.Debug|Any CPU.ActiveCfg = Debug|Any CPU
		{5FE6DC3D-02E1-4082-9B31-C617ED29D240}.Debug|Any CPU.Build.0 = Debug|Any CPU
		{5FE6DC3D-02E1-4082-9B31-C617ED29D240}.Release|Any CPU.ActiveCfg = Release|Any CPU
		{5FE6DC3D-02E1-4082-9B31-C617ED29D240}.Release|Any CPU.Build.0 = Release|Any CPU
		{B3A728DC-2B01-4F84-92A5-C32B3AA079B0}.Debug|Any CPU.ActiveCfg = Debug|Any CPU
		{B3A728DC-2B01-4F84-92A5-C32B3AA079B0}.Debug|Any CPU.Build.0 = Debug|Any CPU
		{B3A728DC-2B01-4F84-92A5-C32B3AA079B0}.Release|Any CPU.ActiveCfg = Release|Any CPU
		{B3A728DC-2B01-4F84-92A5-C32B3AA079B0}.Release|Any CPU.Build.0 = Release|Any CPU
		{F6FD151E-E351-4EBE-A368-1BFC302082D7}.Debug|Any CPU.ActiveCfg = Debug|Any CPU
		{F6FD151E-E351-4EBE-A368-1BFC302082D7}.Debug|Any CPU.Build.0 = Debug|Any CPU
		{F6FD151E-E351-4EBE-A368-1BFC302082D7}.Release|Any CPU.ActiveCfg = Release|Any CPU
		{F6FD151E-E351-4EBE-A368-1BFC302082D7}.Release|Any CPU.Build.0 = Release|Any CPU
		{9E902ECE-5AFF-42BE-BE4F-E25D8DC79911}.Debug|Any CPU.ActiveCfg = Debug|Any CPU
		{9E902ECE-5AFF-42BE-BE4F-E25D8DC79911}.Debug|Any CPU.Build.0 = Debug|Any CPU
		{9E902ECE-5AFF-42BE-BE4F-E25D8DC79911}.Release|Any CPU.ActiveCfg = Release|Any CPU
		{9E902ECE-5AFF-42BE-BE4F-E25D8DC79911}.Release|Any CPU.Build.0 = Release|Any CPU
		{0940152B-944C-4731-AAA3-9E00817773A4}.Debug|Any CPU.ActiveCfg = Debug|Any CPU
		{0940152B-944C-4731-AAA3-9E00817773A4}.Debug|Any CPU.Build.0 = Debug|Any CPU
		{0940152B-944C-4731-AAA3-9E00817773A4}.Release|Any CPU.ActiveCfg = Release|Any CPU
		{0940152B-944C-4731-AAA3-9E00817773A4}.Release|Any CPU.Build.0 = Release|Any CPU
		{9491C753-B1F4-4365-B906-9B00A3FD8FD1}.Debug|Any CPU.ActiveCfg = Debug|Any CPU
		{9491C753-B1F4-4365-B906-9B00A3FD8FD1}.Debug|Any CPU.Build.0 = Debug|Any CPU
		{9491C753-B1F4-4365-B906-9B00A3FD8FD1}.Release|Any CPU.ActiveCfg = Release|Any CPU
		{9491C753-B1F4-4365-B906-9B00A3FD8FD1}.Release|Any CPU.Build.0 = Release|Any CPU
		{43DAF6F0-6F34-4487-88A5-7D02842185AC}.Debug|Any CPU.ActiveCfg = Debug|Any CPU
		{43DAF6F0-6F34-4487-88A5-7D02842185AC}.Debug|Any CPU.Build.0 = Debug|Any CPU
		{43DAF6F0-6F34-4487-88A5-7D02842185AC}.Release|Any CPU.ActiveCfg = Release|Any CPU
		{43DAF6F0-6F34-4487-88A5-7D02842185AC}.Release|Any CPU.Build.0 = Release|Any CPU
		{ADD69BF7-F242-45B5-A430-37CA5EEEF8EC}.Debug|Any CPU.ActiveCfg = Debug|Any CPU
		{ADD69BF7-F242-45B5-A430-37CA5EEEF8EC}.Debug|Any CPU.Build.0 = Debug|Any CPU
		{ADD69BF7-F242-45B5-A430-37CA5EEEF8EC}.Release|Any CPU.ActiveCfg = Release|Any CPU
		{ADD69BF7-F242-45B5-A430-37CA5EEEF8EC}.Release|Any CPU.Build.0 = Release|Any CPU
		{38C80B0A-A047-4080-883B-D011F608E837}.Debug|Any CPU.ActiveCfg = Debug|Any CPU
		{38C80B0A-A047-4080-883B-D011F608E837}.Debug|Any CPU.Build.0 = Debug|Any CPU
		{38C80B0A-A047-4080-883B-D011F608E837}.Release|Any CPU.ActiveCfg = Release|Any CPU
		{38C80B0A-A047-4080-883B-D011F608E837}.Release|Any CPU.Build.0 = Release|Any CPU
		{5BA0BDCC-4011-413C-834A-4C95DC35998C}.Debug|Any CPU.ActiveCfg = Debug|Any CPU
		{5BA0BDCC-4011-413C-834A-4C95DC35998C}.Debug|Any CPU.Build.0 = Debug|Any CPU
		{5BA0BDCC-4011-413C-834A-4C95DC35998C}.Release|Any CPU.ActiveCfg = Release|Any CPU
		{5BA0BDCC-4011-413C-834A-4C95DC35998C}.Release|Any CPU.Build.0 = Release|Any CPU
		{D777E6ED-C80C-4587-9C08-956142C12338}.Debug|Any CPU.ActiveCfg = Debug|Any CPU
		{D777E6ED-C80C-4587-9C08-956142C12338}.Debug|Any CPU.Build.0 = Debug|Any CPU
		{D777E6ED-C80C-4587-9C08-956142C12338}.Release|Any CPU.ActiveCfg = Release|Any CPU
		{D777E6ED-C80C-4587-9C08-956142C12338}.Release|Any CPU.Build.0 = Release|Any CPU
		{C7610311-AB87-427D-AE38-74A38A0037EE}.Debug|Any CPU.ActiveCfg = Debug|Any CPU
		{C7610311-AB87-427D-AE38-74A38A0037EE}.Debug|Any CPU.Build.0 = Debug|Any CPU
		{C7610311-AB87-427D-AE38-74A38A0037EE}.Release|Any CPU.ActiveCfg = Release|Any CPU
		{C7610311-AB87-427D-AE38-74A38A0037EE}.Release|Any CPU.Build.0 = Release|Any CPU
		{4273D314-D3DB-46DF-A83F-7EBE32C3549A}.Debug|Any CPU.ActiveCfg = Debug|Any CPU
		{4273D314-D3DB-46DF-A83F-7EBE32C3549A}.Debug|Any CPU.Build.0 = Debug|Any CPU
		{4273D314-D3DB-46DF-A83F-7EBE32C3549A}.Release|Any CPU.ActiveCfg = Release|Any CPU
		{4273D314-D3DB-46DF-A83F-7EBE32C3549A}.Release|Any CPU.Build.0 = Release|Any CPU
		{0A52F329-7F98-4DE5-919F-8783925E3251}.Debug|Any CPU.ActiveCfg = Debug|Any CPU
		{0A52F329-7F98-4DE5-919F-8783925E3251}.Debug|Any CPU.Build.0 = Debug|Any CPU
		{0A52F329-7F98-4DE5-919F-8783925E3251}.Release|Any CPU.ActiveCfg = Release|Any CPU
		{0A52F329-7F98-4DE5-919F-8783925E3251}.Release|Any CPU.Build.0 = Release|Any CPU
		{58BDA88A-6453-4BEF-85D5-6C0287D483C5}.Debug|Any CPU.ActiveCfg = Debug|Any CPU
		{58BDA88A-6453-4BEF-85D5-6C0287D483C5}.Debug|Any CPU.Build.0 = Debug|Any CPU
		{58BDA88A-6453-4BEF-85D5-6C0287D483C5}.Release|Any CPU.ActiveCfg = Release|Any CPU
		{58BDA88A-6453-4BEF-85D5-6C0287D483C5}.Release|Any CPU.Build.0 = Release|Any CPU
		{D1B6788A-8A02-4677-A073-F7D10952277A}.Debug|Any CPU.ActiveCfg = Debug|Any CPU
		{D1B6788A-8A02-4677-A073-F7D10952277A}.Debug|Any CPU.Build.0 = Debug|Any CPU
		{D1B6788A-8A02-4677-A073-F7D10952277A}.Release|Any CPU.ActiveCfg = Release|Any CPU
		{D1B6788A-8A02-4677-A073-F7D10952277A}.Release|Any CPU.Build.0 = Release|Any CPU
		{31082DDC-AD9E-450B-A21D-93F233512BFB}.Debug|Any CPU.ActiveCfg = Debug|Any CPU
		{31082DDC-AD9E-450B-A21D-93F233512BFB}.Debug|Any CPU.Build.0 = Debug|Any CPU
		{31082DDC-AD9E-450B-A21D-93F233512BFB}.Release|Any CPU.ActiveCfg = Release|Any CPU
		{31082DDC-AD9E-450B-A21D-93F233512BFB}.Release|Any CPU.Build.0 = Release|Any CPU
		{58742D18-9B45-4A7A-A7E9-AECDE261BEDD}.Debug|Any CPU.ActiveCfg = Debug|Any CPU
		{58742D18-9B45-4A7A-A7E9-AECDE261BEDD}.Debug|Any CPU.Build.0 = Debug|Any CPU
		{58742D18-9B45-4A7A-A7E9-AECDE261BEDD}.Release|Any CPU.ActiveCfg = Release|Any CPU
		{58742D18-9B45-4A7A-A7E9-AECDE261BEDD}.Release|Any CPU.Build.0 = Release|Any CPU
		{7C71D866-73FD-49B9-B67E-26DED9CF16EE}.Debug|Any CPU.ActiveCfg = Debug|Any CPU
		{7C71D866-73FD-49B9-B67E-26DED9CF16EE}.Debug|Any CPU.Build.0 = Debug|Any CPU
		{7C71D866-73FD-49B9-B67E-26DED9CF16EE}.Release|Any CPU.ActiveCfg = Release|Any CPU
		{7C71D866-73FD-49B9-B67E-26DED9CF16EE}.Release|Any CPU.Build.0 = Release|Any CPU
		{C8F20E49-553C-409F-87DD-F49201C441D3}.Debug|Any CPU.ActiveCfg = Debug|Any CPU
		{C8F20E49-553C-409F-87DD-F49201C441D3}.Debug|Any CPU.Build.0 = Debug|Any CPU
		{C8F20E49-553C-409F-87DD-F49201C441D3}.Release|Any CPU.ActiveCfg = Release|Any CPU
		{C8F20E49-553C-409F-87DD-F49201C441D3}.Release|Any CPU.Build.0 = Release|Any CPU
	EndGlobalSection
	GlobalSection(SolutionProperties) = preSolution
		HideSolutionNode = FALSE
	EndGlobalSection
	GlobalSection(NestedProjects) = preSolution
		{AD687542-CA1C-4F5A-A498-FB6767F3CFA0} = {E26C6107-F113-4916-BEE1-6BEB7F09B80F}
		{89E51AA3-FFE9-4357-99D7-586534BF67A3} = {E26C6107-F113-4916-BEE1-6BEB7F09B80F}
		{4AEFCEAB-ABD6-4180-81C9-E606A7088B53} = {E26C6107-F113-4916-BEE1-6BEB7F09B80F}
		{5FE6DC3D-02E1-4082-9B31-C617ED29D240} = {9191BABA-0BF9-4E75-B3EF-F9A51EAB0B87}
		{B3A728DC-2B01-4F84-92A5-C32B3AA079B0} = {9191BABA-0BF9-4E75-B3EF-F9A51EAB0B87}
		{F6FD151E-E351-4EBE-A368-1BFC302082D7} = {9191BABA-0BF9-4E75-B3EF-F9A51EAB0B87}
		{9E902ECE-5AFF-42BE-BE4F-E25D8DC79911} = {9191BABA-0BF9-4E75-B3EF-F9A51EAB0B87}
		{0940152B-944C-4731-AAA3-9E00817773A4} = {63E8452C-7523-403E-96C7-D8046C43CE6B}
		{9491C753-B1F4-4365-B906-9B00A3FD8FD1} = {63E8452C-7523-403E-96C7-D8046C43CE6B}
		{43DAF6F0-6F34-4487-88A5-7D02842185AC} = {7FE39A5E-4922-4666-9352-77EB1661AD31}
		{ADD69BF7-F242-45B5-A430-37CA5EEEF8EC} = {7FE39A5E-4922-4666-9352-77EB1661AD31}
		{38C80B0A-A047-4080-883B-D011F608E837} = {7FE39A5E-4922-4666-9352-77EB1661AD31}
		{5BA0BDCC-4011-413C-834A-4C95DC35998C} = {63E8452C-7523-403E-96C7-D8046C43CE6B}
		{D777E6ED-C80C-4587-9C08-956142C12338} = {10C4993E-D4FC-4225-A976-499AD7EF94B0}
		{C7610311-AB87-427D-AE38-74A38A0037EE} = {10C4993E-D4FC-4225-A976-499AD7EF94B0}
		{4273D314-D3DB-46DF-A83F-7EBE32C3549A} = {10C4993E-D4FC-4225-A976-499AD7EF94B0}
		{10C4993E-D4FC-4225-A976-499AD7EF94B0} = {93B9E7CE-3201-4E1A-934A-C303E6AA0998}
		{34ACE20C-54A0-4009-B747-7732DDAF43A4} = {93B9E7CE-3201-4E1A-934A-C303E6AA0998}
		{0A52F329-7F98-4DE5-919F-8783925E3251} = {34ACE20C-54A0-4009-B747-7732DDAF43A4}
		{58BDA88A-6453-4BEF-85D5-6C0287D483C5} = {34ACE20C-54A0-4009-B747-7732DDAF43A4}
		{D1B6788A-8A02-4677-A073-F7D10952277A} = {5C917393-99AE-4859-9805-CD149B587532}
		{31082DDC-AD9E-450B-A21D-93F233512BFB} = {5C917393-99AE-4859-9805-CD149B587532}
		{58742D18-9B45-4A7A-A7E9-AECDE261BEDD} = {30686962-E4C2-409C-9456-ACCD6EF03F3B}
		{7C71D866-73FD-49B9-B67E-26DED9CF16EE} = {30686962-E4C2-409C-9456-ACCD6EF03F3B}
		{C8F20E49-553C-409F-87DD-F49201C441D3} = {7FE39A5E-4922-4666-9352-77EB1661AD31}
	EndGlobalSection
	GlobalSection(ExtensibilityGlobals) = postSolution
		SolutionGuid = {304306B2-C6CF-497E-906F-0B719D5890EF}
	EndGlobalSection
EndGlobal
